// !$*UTF8*$!
{
	archiveVersion = 1;
	classes = {
	};
	objectVersion = 60;
	objects = {

/* Begin PBXBuildFile section */
		A101 /* BudgetApp.swift in Sources */                  = {isa = PBXBuildFile; fileRef = F101; };
		A102 /* ContentView.swift in Sources */                = {isa = PBXBuildFile; fileRef = F102; };
		A103 /* Expense.swift in Sources */                    = {isa = PBXBuildFile; fileRef = F103; };
		A104 /* ExpenseCategory.swift in Sources */            = {isa = PBXBuildFile; fileRef = F104; };
		A105 /* RecurringExpense.swift in Sources */           = {isa = PBXBuildFile; fileRef = F105; };
		A106 /* CurrencyCode.swift in Sources */               = {isa = PBXBuildFile; fileRef = F106; };
		A107 /* HouseholdMember.swift in Sources */            = {isa = PBXBuildFile; fileRef = F107; };
		A108 /* AppSettings.swift in Sources */                = {isa = PBXBuildFile; fileRef = F108; };
		A109 /* DashboardViewModel.swift in Sources */         = {isa = PBXBuildFile; fileRef = F109; };
		A110 /* ExpenseListViewModel.swift in Sources */       = {isa = PBXBuildFile; fileRef = F110; };
		A111 /* AddExpenseViewModel.swift in Sources */        = {isa = PBXBuildFile; fileRef = F111; };
		A112 /* DashboardView.swift in Sources */              = {isa = PBXBuildFile; fileRef = F112; };
		A113 /* CategoryBreakdownView.swift in Sources */      = {isa = PBXBuildFile; fileRef = F113; };
		A114 /* YearSummaryView.swift in Sources */            = {isa = PBXBuildFile; fileRef = F114; };
		A115 /* MonthlyTrendView.swift in Sources */           = {isa = PBXBuildFile; fileRef = F115; };
		A116 /* ExpenseListView.swift in Sources */            = {isa = PBXBuildFile; fileRef = F116; };
		A117 /* ExpenseRowView.swift in Sources */             = {isa = PBXBuildFile; fileRef = F117; };
		A118 /* AddExpenseView.swift in Sources */             = {isa = PBXBuildFile; fileRef = F118; };
		A119 /* RecurringExpenseListView.swift in Sources */   = {isa = PBXBuildFile; fileRef = F119; };
		A120 /* AddRecurringExpenseView.swift in Sources */    = {isa = PBXBuildFile; fileRef = F120; };
		A121 /* SettingsView.swift in Sources */               = {isa = PBXBuildFile; fileRef = F121; };
		A122 /* AmountView.swift in Sources */                 = {isa = PBXBuildFile; fileRef = F122; };
		A123 /* CategoryBadgeView.swift in Sources */          = {isa = PBXBuildFile; fileRef = F123; };
		A124 /* CategoryPickerView.swift in Sources */         = {isa = PBXBuildFile; fileRef = F124; };
		A125 /* CurrencyService.swift in Sources */            = {isa = PBXBuildFile; fileRef = F125; };
		A126 /* Date+Extensions.swift in Sources */            = {isa = PBXBuildFile; fileRef = F126; };
		A127 /* Double+Extensions.swift in Sources */          = {isa = PBXBuildFile; fileRef = F127; };
		A128 /* PreviewData.swift in Sources */                = {isa = PBXBuildFile; fileRef = F128; };
/* End PBXBuildFile section */

/* Begin PBXFileReference section */
		F101 /* BudgetApp.swift */                 = {isa = PBXFileReference; lastKnownFileType = sourcecode.swift; path = BudgetApp.swift; sourceTree = "<group>"; };
		F102 /* ContentView.swift */               = {isa = PBXFileReference; lastKnownFileType = sourcecode.swift; path = ContentView.swift; sourceTree = "<group>"; };
		F103 /* Expense.swift */                   = {isa = PBXFileReference; lastKnownFileType = sourcecode.swift; path = Expense.swift; sourceTree = "<group>"; };
		F104 /* ExpenseCategory.swift */           = {isa = PBXFileReference; lastKnownFileType = sourcecode.swift; path = ExpenseCategory.swift; sourceTree = "<group>"; };
		F105 /* RecurringExpense.swift */          = {isa = PBXFileReference; lastKnownFileType = sourcecode.swift; path = RecurringExpense.swift; sourceTree = "<group>"; };
		F106 /* CurrencyCode.swift */              = {isa = PBXFileReference; lastKnownFileType = sourcecode.swift; path = CurrencyCode.swift; sourceTree = "<group>"; };
		F107 /* HouseholdMember.swift */           = {isa = PBXFileReference; lastKnownFileType = sourcecode.swift; path = HouseholdMember.swift; sourceTree = "<group>"; };
		F108 /* AppSettings.swift */               = {isa = PBXFileReference; lastKnownFileType = sourcecode.swift; path = AppSettings.swift; sourceTree = "<group>"; };
		F109 /* DashboardViewModel.swift */        = {isa = PBXFileReference; lastKnownFileType = sourcecode.swift; path = DashboardViewModel.swift; sourceTree = "<group>"; };
		F110 /* ExpenseListViewModel.swift */      = {isa = PBXFileReference; lastKnownFileType = sourcecode.swift; path = ExpenseListViewModel.swift; sourceTree = "<group>"; };
		F111 /* AddExpenseViewModel.swift */       = {isa = PBXFileReference; lastKnownFileType = sourcecode.swift; path = AddExpenseViewModel.swift; sourceTree = "<group>"; };
		F112 /* DashboardView.swift */             = {isa = PBXFileReference; lastKnownFileType = sourcecode.swift; path = DashboardView.swift; sourceTree = "<group>"; };
		F113 /* CategoryBreakdownView.swift */     = {isa = PBXFileReference; lastKnownFileType = sourcecode.swift; path = CategoryBreakdownView.swift; sourceTree = "<group>"; };
		F114 /* YearSummaryView.swift */           = {isa = PBXFileReference; lastKnownFileType = sourcecode.swift; path = YearSummaryView.swift; sourceTree = "<group>"; };
		F115 /* MonthlyTrendView.swift */          = {isa = PBXFileReference; lastKnownFileType = sourcecode.swift; path = MonthlyTrendView.swift; sourceTree = "<group>"; };
		F116 /* ExpenseListView.swift */           = {isa = PBXFileReference; lastKnownFileType = sourcecode.swift; path = ExpenseListView.swift; sourceTree = "<group>"; };
		F117 /* ExpenseRowView.swift */            = {isa = PBXFileReference; lastKnownFileType = sourcecode.swift; path = ExpenseRowView.swift; sourceTree = "<group>"; };
		F118 /* AddExpenseView.swift */            = {isa = PBXFileReference; lastKnownFileType = sourcecode.swift; path = AddExpenseView.swift; sourceTree = "<group>"; };
		F119 /* RecurringExpenseListView.swift */  = {isa = PBXFileReference; lastKnownFileType = sourcecode.swift; path = RecurringExpenseListView.swift; sourceTree = "<group>"; };
		F120 /* AddRecurringExpenseView.swift */   = {isa = PBXFileReference; lastKnownFileType = sourcecode.swift; path = AddRecurringExpenseView.swift; sourceTree = "<group>"; };
		F121 /* SettingsView.swift */              = {isa = PBXFileReference; lastKnownFileType = sourcecode.swift; path = SettingsView.swift; sourceTree = "<group>"; };
		F122 /* AmountView.swift */                = {isa = PBXFileReference; lastKnownFileType = sourcecode.swift; path = AmountView.swift; sourceTree = "<group>"; };
		F123 /* CategoryBadgeView.swift */         = {isa = PBXFileReference; lastKnownFileType = sourcecode.swift; path = CategoryBadgeView.swift; sourceTree = "<group>"; };
		F124 /* CategoryPickerView.swift */        = {isa = PBXFileReference; lastKnownFileType = sourcecode.swift; path = CategoryPickerView.swift; sourceTree = "<group>"; };
		F125 /* CurrencyService.swift */           = {isa = PBXFileReference; lastKnownFileType = sourcecode.swift; path = CurrencyService.swift; sourceTree = "<group>"; };
		F126 /* Date+Extensions.swift */           = {isa = PBXFileReference; lastKnownFileType = sourcecode.swift; path = "Date+Extensions.swift"; sourceTree = "<group>"; };
		F127 /* Double+Extensions.swift */         = {isa = PBXFileReference; lastKnownFileType = sourcecode.swift; path = "Double+Extensions.swift"; sourceTree = "<group>"; };
		F128 /* PreviewData.swift */               = {isa = PBXFileReference; lastKnownFileType = sourcecode.swift; path = PreviewData.swift; sourceTree = "<group>"; };
		FAPP /* BudgetApp.app */                   = {isa = PBXFileReference; explicitFileType = wrapper.application; includeInIndex = 0; path = BudgetApp.app; sourceTree = BUILT_PRODUCTS_DIR; };
/* End PBXFileReference section */

/* Begin PBXGroup section */
		ROOT = {
			isa = PBXGroup;
			children = (
				GRP_APP,
				GRP_MODELS,
				GRP_VMS,
				GRP_VIEWS,
				GRP_SERVICES,
				GRP_EXTENSIONS,
				GRP_PREVIEW,
				GRP_PRODUCTS,
			);
			sourceTree = "<group>";
		};
		GRP_PRODUCTS = {
			isa = PBXGroup;
			children = (FAPP);
			name = Products;
			sourceTree = "<group>";
		};
		GRP_APP = {
			isa = PBXGroup;
			children = (F101, F102);
			path = App;
			sourceTree = "<group>";
		};
		GRP_MODELS = {
			isa = PBXGroup;
			children = (F103, F104, F105, F106, F107, F108);
			path = Models;
			sourceTree = "<group>";
		};
		GRP_VMS = {
			isa = PBXGroup;
			children = (F109, F110, F111);
			path = ViewModels;
			sourceTree = "<group>";
		};
		GRP_VIEWS = {
			isa = PBXGroup;
			children = (GRP_DASHBOARD, GRP_EXPENSES, GRP_RECURRING, GRP_SETTINGS, GRP_COMPONENTS);
			path = Views;
			sourceTree = "<group>";
		};
		GRP_DASHBOARD = {
			isa = PBXGroup;
			children = (F112, F113, F114, F115);
			path = Dashboard;
			sourceTree = "<group>";
		};
		GRP_EXPENSES = {
			isa = PBXGroup;
			children = (F116, F117, F118);
			path = Expenses;
			sourceTree = "<group>";
		};
		GRP_RECURRING = {
			isa = PBXGroup;
			children = (F119, F120);
			path = Recurring;
			sourceTree = "<group>";
		};
		GRP_SETTINGS = {
			isa = PBXGroup;
			children = (F121);
			path = Settings;
			sourceTree = "<group>";
		};
		GRP_COMPONENTS = {
			isa = PBXGroup;
			children = (F122, F123, F124);
			path = Components;
			sourceTree = "<group>";
		};
		GRP_SERVICES = {
			isa = PBXGroup;
			children = (F125);
			path = Services;
			sourceTree = "<group>";
		};
		GRP_EXTENSIONS = {
			isa = PBXGroup;
			children = (F126, F127);
			path = Extensions;
			sourceTree = "<group>";
		};
		GRP_PREVIEW = {
			isa = PBXGroup;
			children = (F128);
			path = PreviewContent;
			sourceTree = "<group>";
		};
/* End PBXGroup section */

/* Begin PBXNativeTarget section */
		TARGET1 = {
			isa = PBXNativeTarget;
			buildConfigurationList = BLDCFG_LIST;
			buildPhases = (PHASE_SOURCES, PHASE_FRAMEWORKS, PHASE_RESOURCES);
			buildRules = ();
			dependencies = ();
			name = BudgetApp;
			productName = BudgetApp;
			productReference = FAPP;
			productType = "com.apple.product-type.application";
		};
/* End PBXNativeTarget section */

/* Begin PBXProject section */
		PROJECT = {
			isa = PBXProject;
			attributes = {
				BuildIndependentTargetsInParallel = 1;
				LastSwiftUpdateCheck = 1500;
				LastUpgradeCheck = 1500;
				TargetAttributes = {
					TARGET1 = {
						CreatedOnToolsVersion = 15.0;
					};
				};
			};
			buildConfigurationList = PROJECT_BLDCFG_LIST;
			compatibilityVersion = "Xcode 14.0";
			developmentRegion = fr;
			hasScannedForEncodings = 0;
			knownRegions = (fr, en, Base);
			mainGroup = ROOT;
			productRefGroup = GRP_PRODUCTS;
			projectDirPath = "";
			projectRoot = "";
			targets = (TARGET1);
		};
/* End PBXProject section */

/* Begin PBXSourcesBuildPhase section */
		PHASE_SOURCES = {
			isa = PBXSourcesBuildPhase;
			buildActionMask = 2147483647;
			files = (
				A101, A102, A103, A104, A105, A106, A107, A108,
				A109, A110, A111,
				A112, A113, A114, A115,
				A116, A117, A118,
				A119, A120, A121,
				A122, A123, A124,
				A125, A126, A127, A128,
			);
			runOnlyForDeploymentPostprocessing = 0;
		};
/* End PBXSourcesBuildPhase section */

/* Begin PBXFrameworksBuildPhase section */
		PHASE_FRAMEWORKS = {
			isa = PBXFrameworksBuildPhase;
			buildActionMask = 2147483647;
			files = ();
			runOnlyForDeploymentPostprocessing = 0;
		};
/* End PBXFrameworksBuildPhase section */

/* Begin PBXResourcesBuildPhase section */
		PHASE_RESOURCES = {
			isa = PBXResourcesBuildPhase;
			buildActionMask = 2147483647;
			files = ();
			runOnlyForDeploymentPostprocessing = 0;
		};
/* End PBXResourcesBuildPhase section */

/* Begin XCBuildConfiguration section */
		BLDCFG_DEBUG = {
			isa = XCBuildConfiguration;
			buildSettings = {
				ASSETCATALOG_COMPILER_APPICON_NAME = AppIcon;
				ASSETCATALOG_COMPILER_GLOBAL_ACCENT_COLOR_NAME = AccentColor;
				CODE_SIGN_STYLE = Automatic;
				CURRENT_PROJECT_VERSION = 1;
				DEVELOPMENT_TEAM = "";
				GENERATE_INFOPLIST_FILE = YES;
				INFOPLIST_KEY_UIApplicationSceneManifest_Generation = YES;
				INFOPLIST_KEY_UIApplicationSupportsIndirectInputEvents = YES;
				INFOPLIST_KEY_UILaunchScreen_Generation = YES;
				INFOPLIST_KEY_UISupportedInterfaceOrientations_iPhone = "UIInterfaceOrientationPortrait UIInterfaceOrientationLandscapeLeft UIInterfaceOrientationLandscapeRight";
				LD_RUNPATH_SEARCH_PATHS = "$(inherited) @executable_path/Frameworks";
				MARKETING_VERSION = 1.0;
				PRODUCT_BUNDLE_IDENTIFIER = "com.budget.BudgetApp";
				PRODUCT_NAME = "$(TARGET_NAME)";
				SWIFT_EMIT_LOC_STRINGS = YES;
				SWIFT_VERSION = 5.0;
				TARGETED_DEVICE_FAMILY = 1;
				IPHONEOS_DEPLOYMENT_TARGET = 17.0;
			};
			name = Debug;
		};
		BLDCFG_RELEASE = {
			isa = XCBuildConfiguration;
			buildSettings = {
				ASSETCATALOG_COMPILER_APPICON_NAME = AppIcon;
				ASSETCATALOG_COMPILER_GLOBAL_ACCENT_COLOR_NAME = AccentColor;
				CODE_SIGN_STYLE = Automatic;
				CURRENT_PROJECT_VERSION = 1;
				DEVELOPMENT_TEAM = "";
				GENERATE_INFOPLIST_FILE = YES;
				INFOPLIST_KEY_UIApplicationSceneManifest_Generation = YES;
				INFOPLIST_KEY_UIApplicationSupportsIndirectInputEvents = YES;
				INFOPLIST_KEY_UILaunchScreen_Generation = YES;
				INFOPLIST_KEY_UISupportedInterfaceOrientations_iPhone = "UIInterfaceOrientationPortrait UIInterfaceOrientationLandscapeLeft UIInterfaceOrientationLandscapeRight";
				LD_RUNPATH_SEARCH_PATHS = "$(inherited) @executable_path/Frameworks";
				MARKETING_VERSION = 1.0;
				PRODUCT_BUNDLE_IDENTIFIER = "com.budget.BudgetApp";
				PRODUCT_NAME = "$(TARGET_NAME)";
				SWIFT_EMIT_LOC_STRINGS = YES;
				SWIFT_VERSION = 5.0;
				TARGETED_DEVICE_FAMILY = 1;
				IPHONEOS_DEPLOYMENT_TARGET = 17.0;
				VALIDATE_PRODUCT = YES;
			};
			name = Release;
		};
		PROJECT_BLDCFG_DEBUG = {
			isa = XCBuildConfiguration;
			buildSettings = {
				ALWAYS_SEARCH_USER_PATHS = NO;
				CLANG_ANALYZER_NONNULL = YES;
				CLANG_ANALYZER_NUMBER_OBJECT_CONVERSION = YES_AGGRESSIVE;
				CLANG_CXX_LANGUAGE_STANDARD = "gnu++20";
				CLANG_ENABLE_MODULES = YES;
				CLANG_ENABLE_OBJC_ARC = YES;
				CLANG_ENABLE_OBJC_WEAK = YES;
				CLANG_WARN_BLOCK_CAPTURE_AUTORELEASING = YES;
				CLANG_WARN_BOOL_CONVERSION = YES;
				CLANG_WARN_COMMA = YES;
				CLANG_WARN_CONSTANT_CONVERSION = YES;
				CLANG_WARN_DEPRECATED_OBJC_IMPLEMENTATIONS = YES;
				CLANG_WARN_DIRECT_OBJC_ISA_USAGE = YES_ERROR;
				CLANG_WARN_DOCUMENTATION_COMMENTS = YES;
				CLANG_WARN_EMPTY_BODY = YES;
				CLANG_WARN_ENUM_CONVERSION = YES;
				CLANG_WARN_INT_CONVERSION = YES;
				CLANG_WARN_NON_LITERAL_NULL_CONVERSION = YES;
				CLANG_WARN_OBJC_IMPLICIT_RETAIN_SELF = YES;
				CLANG_WARN_OBJC_LITERAL_CONVERSION = YES;
				CLANG_WARN_OBJC_ROOT_CLASS = YES_ERROR;
				CLANG_WARN_QUOTED_INCLUDE_IN_FRAMEWORK_HEADER = YES;
				CLANG_WARN_RANGE_LOOP_ANALYSIS = YES;
				CLANG_WARN_STRICT_PROTOTYPES = YES;
				CLANG_WARN_SUSPICIOUS_MOVE = YES;
				CLANG_WARN_UNGUARDED_AVAILABILITY = YES_AGGRESSIVE;
				CLANG_WARN_UNREACHABLE_CODE = YES;
				CLANG_WARN__DUPLICATE_METHOD_MATCH = YES;
				COPY_PHASE_STRIP = NO;
				DEBUG_INFORMATION_FORMAT = dwarf;
				ENABLE_STRICT_OBJC_MSGSEND = YES;
				ENABLE_TESTABILITY = YES;
				ENABLE_USER_SCRIPT_SANDBOXING = YES;
				GCC_C_LANGUAGE_STANDARD = gnu17;
				GCC_DYNAMIC_NO_PIC = NO;
				GCC_NO_COMMON_BLOCKS = YES;
				GCC_OPTIMIZATION_LEVEL = 0;
				GCC_PREPROCESSOR_DEFINITIONS = ("DEBUG=1", "$(inherited)");
				GCC_WARN_64_TO_32_BIT_CONVERSION = YES;
				GCC_WARN_ABOUT_RETURN_TYPE = YES_ERROR;
				GCC_WARN_UNDECLARED_SELECTOR = YES;
				GCC_WARN_UNINITIALIZED_AUTOS = YES_AGGRESSIVE;
				GCC_WARN_UNUSED_FUNCTION = YES;
				GCC_WARN_UNUSED_VARIABLE = YES;
				IPHONEOS_DEPLOYMENT_TARGET = 17.0;
				MTL_ENABLE_DEBUG_INFO = INCLUDE_SOURCE;
				MTL_FAST_MATH = YES;
				ONLY_ACTIVE_ARCH = YES;
				SDKROOT = iphoneos;
				SWIFT_ACTIVE_COMPILATION_CONDITIONS = DEBUG;
				SWIFT_OPTIMIZATION_LEVEL = "-Onone";
			};
			name = Debug;
		};
		PROJECT_BLDCFG_RELEASE = {
			isa = XCBuildConfiguration;
			buildSettings = {
				ALWAYS_SEARCH_USER_PATHS = NO;
				CLANG_ANALYZER_NONNULL = YES;
				COPY_PHASE_STRIP = NO;
				DEBUG_INFORMATION_FORMAT = "dwarf-with-dsym";
				ENABLE_NS_ASSERTIONS = NO;
				ENABLE_STRICT_OBJC_MSGSEND = YES;
				ENABLE_USER_SCRIPT_SANDBOXING = YES;
				GCC_C_LANGUAGE_STANDARD = gnu17;
				GCC_NO_COMMON_BLOCKS = YES;
				GCC_WARN_64_TO_32_BIT_CONVERSION = YES;
				GCC_WARN_ABOUT_RETURN_TYPE = YES_ERROR;
				GCC_WARN_UNDECLARED_SELECTOR = YES;
				GCC_WARN_UNINITIALIZED_AUTOS = YES_AGGRESSIVE;
				GCC_WARN_UNUSED_FUNCTION = YES;
				GCC_WARN_UNUSED_VARIABLE = YES;
				IPHONEOS_DEPLOYMENT_TARGET = 17.0;
				MTL_ENABLE_DEBUG_INFO = NO;
				MTL_FAST_MATH = YES;
				SDKROOT = iphoneos;
				SWIFT_COMPILATION_MODE = wholemodule;
				SWIFT_OPTIMIZATION_LEVEL = "-O";
				VALIDATE_PRODUCT = YES;
			};
			name = Release;
		};
/* End XCBuildConfiguration section */

/* Begin XCConfigurationList section */
		BLDCFG_LIST = {
			isa = XCConfigurationList;
			buildConfigurations = (BLDCFG_DEBUG, BLDCFG_RELEASE);
			defaultConfigurationIsVisible = 0;
			defaultConfigurationName = Release;
		};
		PROJECT_BLDCFG_LIST = {
			isa = XCConfigurationList;
			buildConfigurations = (PROJECT_BLDCFG_DEBUG, PROJECT_BLDCFG_RELEASE);
			defaultConfigurationIsVisible = 0;
			defaultConfigurationName = Release;
		};
/* End XCConfigurationList section */

	};
	rootObject = PROJECT;
}
